// !$*UTF8*$!
{
	archiveVersion = 1;
	classes = {
	};
	objectVersion = 50;
	objects = {

/* Begin PBXBuildFile section */
		B07FB80022F61544008F87A1 /* TileView.swift in Sources */ = {isa = PBXBuildFile; fileRef = B07FB7FF22F61544008F87A1 /* TileView.swift */; };
		B08232862305016F003344AC /* TempGameDelegate.swift in Sources */ = {isa = PBXBuildFile; fileRef = B08232852305016F003344AC /* TempGameDelegate.swift */; };
		B0BAC97F22F7D9AB0087BB60 /* Head.swift in Sources */ = {isa = PBXBuildFile; fileRef = B0BAC97E22F7D9AB0087BB60 /* Head.swift */; };
		B0BAC98322F7F3B70087BB60 /* Trail.swift in Sources */ = {isa = PBXBuildFile; fileRef = B0BAC98222F7F3B70087BB60 /* Trail.swift */; };
		B0BAC98522F8B3950087BB60 /* SupportingTypes.swift in Sources */ = {isa = PBXBuildFile; fileRef = B0BAC98422F8B3950087BB60 /* SupportingTypes.swift */; };
		B0C0D7F122EC017400A585F8 /* BoardView.swift in Sources */ = {isa = PBXBuildFile; fileRef = B0C0D7F022EC017400A585F8 /* BoardView.swift */; };
		B0D7E38F22EBF9A600F7FC68 /* AppDelegate.swift in Sources */ = {isa = PBXBuildFile; fileRef = B0D7E38E22EBF9A600F7FC68 /* AppDelegate.swift */; };
		B0D7E39122EBF9A600F7FC68 /* ViewController.swift in Sources */ = {isa = PBXBuildFile; fileRef = B0D7E39022EBF9A600F7FC68 /* ViewController.swift */; };
		B0D7E39422EBF9A600F7FC68 /* Main.storyboard in Resources */ = {isa = PBXBuildFile; fileRef = B0D7E39222EBF9A600F7FC68 /* Main.storyboard */; };
		B0D7E39622EBF9A800F7FC68 /* Assets.xcassets in Resources */ = {isa = PBXBuildFile; fileRef = B0D7E39522EBF9A800F7FC68 /* Assets.xcassets */; };
		B0D7E39922EBF9A800F7FC68 /* LaunchScreen.storyboard in Resources */ = {isa = PBXBuildFile; fileRef = B0D7E39722EBF9A800F7FC68 /* LaunchScreen.storyboard */; };
		B0D7E3A422EBF9A800F7FC68 /* StreamlineTests.swift in Sources */ = {isa = PBXBuildFile; fileRef = B0D7E3A322EBF9A800F7FC68 /* StreamlineTests.swift */; };
		B0D7E3AF22EBF9A800F7FC68 /* StreamlineUITests.swift in Sources */ = {isa = PBXBuildFile; fileRef = B0D7E3AE22EBF9A800F7FC68 /* StreamlineUITests.swift */; };
		E051CEA622FB983300E35DC7 /* GameState.swift in Sources */ = {isa = PBXBuildFile; fileRef = E051CEA522FB983300E35DC7 /* GameState.swift */; };
		E071591C2331CB7E00F43AC9 /* LevelSelectionStackController.swift in Sources */ = {isa = PBXBuildFile; fileRef = E071591B2331CB7E00F43AC9 /* LevelSelectionStackController.swift */; };
		E0A5956422F293C100A124C5 /* Streamline.swift in Sources */ = {isa = PBXBuildFile; fileRef = E0A5956322F293C100A124C5 /* Streamline.swift */; };
/* End PBXBuildFile section */

/* Begin PBXContainerItemProxy section */
		B0D7E3A022EBF9A800F7FC68 /* PBXContainerItemProxy */ = {
			isa = PBXContainerItemProxy;
			containerPortal = B0D7E38322EBF9A600F7FC68 /* Project object */;
			proxyType = 1;
			remoteGlobalIDString = B0D7E38A22EBF9A600F7FC68;
			remoteInfo = Streamline;
		};
		B0D7E3AB22EBF9A800F7FC68 /* PBXContainerItemProxy */ = {
			isa = PBXContainerItemProxy;
			containerPortal = B0D7E38322EBF9A600F7FC68 /* Project object */;
			proxyType = 1;
			remoteGlobalIDString = B0D7E38A22EBF9A600F7FC68;
			remoteInfo = Streamline;
		};
/* End PBXContainerItemProxy section */

/* Begin PBXFileReference section */
		B07FB7FF22F61544008F87A1 /* TileView.swift */ = {isa = PBXFileReference; lastKnownFileType = sourcecode.swift; path = TileView.swift; sourceTree = "<group>"; };
		B08232852305016F003344AC /* TempGameDelegate.swift */ = {isa = PBXFileReference; lastKnownFileType = sourcecode.swift; name = TempGameDelegate.swift; path = Streamline/Back/TempGameDelegate.swift; sourceTree = SOURCE_ROOT; };
		B0BAC97E22F7D9AB0087BB60 /* Head.swift */ = {isa = PBXFileReference; lastKnownFileType = sourcecode.swift; path = Head.swift; sourceTree = "<group>"; };
		B0BAC98222F7F3B70087BB60 /* Trail.swift */ = {isa = PBXFileReference; lastKnownFileType = sourcecode.swift; path = Trail.swift; sourceTree = "<group>"; };
		B0BAC98422F8B3950087BB60 /* SupportingTypes.swift */ = {isa = PBXFileReference; lastKnownFileType = sourcecode.swift; path = SupportingTypes.swift; sourceTree = "<group>"; };
		B0C0D7F022EC017400A585F8 /* BoardView.swift */ = {isa = PBXFileReference; lastKnownFileType = sourcecode.swift; path = BoardView.swift; sourceTree = "<group>"; };
		B0D7E38B22EBF9A600F7FC68 /* Streamline.app */ = {isa = PBXFileReference; explicitFileType = wrapper.application; includeInIndex = 0; path = Streamline.app; sourceTree = BUILT_PRODUCTS_DIR; };
		B0D7E38E22EBF9A600F7FC68 /* AppDelegate.swift */ = {isa = PBXFileReference; lastKnownFileType = sourcecode.swift; path = AppDelegate.swift; sourceTree = "<group>"; };
		B0D7E39022EBF9A600F7FC68 /* ViewController.swift */ = {isa = PBXFileReference; lastKnownFileType = sourcecode.swift; path = ViewController.swift; sourceTree = "<group>"; };
		B0D7E39322EBF9A600F7FC68 /* Base */ = {isa = PBXFileReference; lastKnownFileType = file.storyboard; name = Base; path = Base.lproj/Main.storyboard; sourceTree = "<group>"; };
		B0D7E39522EBF9A800F7FC68 /* Assets.xcassets */ = {isa = PBXFileReference; lastKnownFileType = folder.assetcatalog; path = Assets.xcassets; sourceTree = "<group>"; };
		B0D7E39822EBF9A800F7FC68 /* Base */ = {isa = PBXFileReference; lastKnownFileType = file.storyboard; name = Base; path = Base.lproj/LaunchScreen.storyboard; sourceTree = "<group>"; };
		B0D7E39A22EBF9A800F7FC68 /* Info.plist */ = {isa = PBXFileReference; lastKnownFileType = text.plist.xml; path = Info.plist; sourceTree = "<group>"; };
		B0D7E39F22EBF9A800F7FC68 /* StreamlineTests.xctest */ = {isa = PBXFileReference; explicitFileType = wrapper.cfbundle; includeInIndex = 0; path = StreamlineTests.xctest; sourceTree = BUILT_PRODUCTS_DIR; };
		B0D7E3A322EBF9A800F7FC68 /* StreamlineTests.swift */ = {isa = PBXFileReference; lastKnownFileType = sourcecode.swift; path = StreamlineTests.swift; sourceTree = "<group>"; };
		B0D7E3A522EBF9A800F7FC68 /* Info.plist */ = {isa = PBXFileReference; lastKnownFileType = text.plist.xml; path = Info.plist; sourceTree = "<group>"; };
		B0D7E3AA22EBF9A800F7FC68 /* StreamlineUITests.xctest */ = {isa = PBXFileReference; explicitFileType = wrapper.cfbundle; includeInIndex = 0; path = StreamlineUITests.xctest; sourceTree = BUILT_PRODUCTS_DIR; };
		B0D7E3AE22EBF9A800F7FC68 /* StreamlineUITests.swift */ = {isa = PBXFileReference; lastKnownFileType = sourcecode.swift; path = StreamlineUITests.swift; sourceTree = "<group>"; };
		B0D7E3B022EBF9A800F7FC68 /* Info.plist */ = {isa = PBXFileReference; lastKnownFileType = text.plist.xml; path = Info.plist; sourceTree = "<group>"; };
		E051CEA522FB983300E35DC7 /* GameState.swift */ = {isa = PBXFileReference; lastKnownFileType = sourcecode.swift; path = GameState.swift; sourceTree = "<group>"; };
		E071591B2331CB7E00F43AC9 /* LevelSelectionStackController.swift */ = {isa = PBXFileReference; lastKnownFileType = sourcecode.swift; path = LevelSelectionStackController.swift; sourceTree = "<group>"; };
		E0A5956322F293C100A124C5 /* Streamline.swift */ = {isa = PBXFileReference; lastKnownFileType = sourcecode.swift; path = Streamline.swift; sourceTree = "<group>"; };
/* End PBXFileReference section */

/* Begin PBXFrameworksBuildPhase section */
		B0D7E38822EBF9A600F7FC68 /* Frameworks */ = {
			isa = PBXFrameworksBuildPhase;
			buildActionMask = 2147483647;
			files = (
			);
			runOnlyForDeploymentPostprocessing = 0;
		};
		B0D7E39C22EBF9A800F7FC68 /* Frameworks */ = {
			isa = PBXFrameworksBuildPhase;
			buildActionMask = 2147483647;
			files = (
			);
			runOnlyForDeploymentPostprocessing = 0;
		};
		B0D7E3A722EBF9A800F7FC68 /* Frameworks */ = {
			isa = PBXFrameworksBuildPhase;
			buildActionMask = 2147483647;
			files = (
			);
			runOnlyForDeploymentPostprocessing = 0;
		};
/* End PBXFrameworksBuildPhase section */

/* Begin PBXGroup section */
		B0B8047022F2642400187C90 /* Front */ = {
			isa = PBXGroup;
			children = (
				B0D7E38E22EBF9A600F7FC68 /* AppDelegate.swift */,
				B0D7E39022EBF9A600F7FC68 /* ViewController.swift */,
				B0D7E39222EBF9A600F7FC68 /* Main.storyboard */,
				E071591B2331CB7E00F43AC9 /* LevelSelectionStackController.swift */,
				B08232852305016F003344AC /* TempGameDelegate.swift */,
				B0BAC97D22F7D9630087BB60 /* Game View */,
				B0D7E39522EBF9A800F7FC68 /* Assets.xcassets */,
				B0D7E39722EBF9A800F7FC68 /* LaunchScreen.storyboard */,
			);
			path = Front;
			sourceTree = "<group>";
		};
		B0BAC97D22F7D9630087BB60 /* Game View */ = {
			isa = PBXGroup;
			children = (
				B0C0D7F022EC017400A585F8 /* BoardView.swift */,
				B07FB7FF22F61544008F87A1 /* TileView.swift */,
				B0BAC97E22F7D9AB0087BB60 /* Head.swift */,
				B0BAC98222F7F3B70087BB60 /* Trail.swift */,
			);
			path = "Game View";
			sourceTree = "<group>";
		};
		B0D7E38222EBF9A600F7FC68 = {
			isa = PBXGroup;
			children = (
				B0D7E38D22EBF9A600F7FC68 /* Streamline */,
				B0D7E3A222EBF9A800F7FC68 /* StreamlineTests */,
				B0D7E3AD22EBF9A800F7FC68 /* StreamlineUITests */,
				B0D7E38C22EBF9A600F7FC68 /* Products */,
			);
			sourceTree = "<group>";
		};
		B0D7E38C22EBF9A600F7FC68 /* Products */ = {
			isa = PBXGroup;
			children = (
				B0D7E38B22EBF9A600F7FC68 /* Streamline.app */,
				B0D7E39F22EBF9A800F7FC68 /* StreamlineTests.xctest */,
				B0D7E3AA22EBF9A800F7FC68 /* StreamlineUITests.xctest */,
			);
			name = Products;
			sourceTree = "<group>";
		};
		B0D7E38D22EBF9A600F7FC68 /* Streamline */ = {
			isa = PBXGroup;
			children = (
				E0A5956022F2894D00A124C5 /* Back */,
				B0B8047022F2642400187C90 /* Front */,
				B0D7E39A22EBF9A800F7FC68 /* Info.plist */,
			);
			path = Streamline;
			sourceTree = "<group>";
		};
		B0D7E3A222EBF9A800F7FC68 /* StreamlineTests */ = {
			isa = PBXGroup;
			children = (
				B0D7E3A322EBF9A800F7FC68 /* StreamlineTests.swift */,
				B0D7E3A522EBF9A800F7FC68 /* Info.plist */,
			);
			path = StreamlineTests;
			sourceTree = "<group>";
		};
		B0D7E3AD22EBF9A800F7FC68 /* StreamlineUITests */ = {
			isa = PBXGroup;
			children = (
				B0D7E3AE22EBF9A800F7FC68 /* StreamlineUITests.swift */,
				B0D7E3B022EBF9A800F7FC68 /* Info.plist */,
			);
			path = StreamlineUITests;
			sourceTree = "<group>";
		};
		E0A5956022F2894D00A124C5 /* Back */ = {
			isa = PBXGroup;
			children = (
				E051CEA522FB983300E35DC7 /* GameState.swift */,
				E0A5956322F293C100A124C5 /* Streamline.swift */,
				B0BAC98422F8B3950087BB60 /* SupportingTypes.swift */,
			);
			path = Back;
			sourceTree = "<group>";
		};
/* End PBXGroup section */

/* Begin PBXNativeTarget section */
		B0D7E38A22EBF9A600F7FC68 /* Streamline */ = {
			isa = PBXNativeTarget;
			buildConfigurationList = B0D7E3B322EBF9A800F7FC68 /* Build configuration list for PBXNativeTarget "Streamline" */;
			buildPhases = (
				B0D7E38722EBF9A600F7FC68 /* Sources */,
				B0D7E38822EBF9A600F7FC68 /* Frameworks */,
				B0D7E38922EBF9A600F7FC68 /* Resources */,
			);
			buildRules = (
			);
			dependencies = (
			);
			name = Streamline;
			productName = Streamline;
			productReference = B0D7E38B22EBF9A600F7FC68 /* Streamline.app */;
			productType = "com.apple.product-type.application";
		};
		B0D7E39E22EBF9A800F7FC68 /* StreamlineTests */ = {
			isa = PBXNativeTarget;
			buildConfigurationList = B0D7E3B622EBF9A800F7FC68 /* Build configuration list for PBXNativeTarget "StreamlineTests" */;
			buildPhases = (
				B0D7E39B22EBF9A800F7FC68 /* Sources */,
				B0D7E39C22EBF9A800F7FC68 /* Frameworks */,
				B0D7E39D22EBF9A800F7FC68 /* Resources */,
			);
			buildRules = (
			);
			dependencies = (
				B0D7E3A122EBF9A800F7FC68 /* PBXTargetDependency */,
			);
			name = StreamlineTests;
			productName = StreamlineTests;
			productReference = B0D7E39F22EBF9A800F7FC68 /* StreamlineTests.xctest */;
			productType = "com.apple.product-type.bundle.unit-test";
		};
		B0D7E3A922EBF9A800F7FC68 /* StreamlineUITests */ = {
			isa = PBXNativeTarget;
			buildConfigurationList = B0D7E3B922EBF9A800F7FC68 /* Build configuration list for PBXNativeTarget "StreamlineUITests" */;
			buildPhases = (
				B0D7E3A622EBF9A800F7FC68 /* Sources */,
				B0D7E3A722EBF9A800F7FC68 /* Frameworks */,
				B0D7E3A822EBF9A800F7FC68 /* Resources */,
			);
			buildRules = (
			);
			dependencies = (
				B0D7E3AC22EBF9A800F7FC68 /* PBXTargetDependency */,
			);
			name = StreamlineUITests;
			productName = StreamlineUITests;
			productReference = B0D7E3AA22EBF9A800F7FC68 /* StreamlineUITests.xctest */;
			productType = "com.apple.product-type.bundle.ui-testing";
		};
/* End PBXNativeTarget section */

/* Begin PBXProject section */
		B0D7E38322EBF9A600F7FC68 /* Project object */ = {
			isa = PBXProject;
			attributes = {
				LastSwiftUpdateCheck = 1030;
				LastUpgradeCheck = 1030;
				ORGANIZATIONNAME = "Xuezheng Wang";
				TargetAttributes = {
					B0D7E38A22EBF9A600F7FC68 = {
						CreatedOnToolsVersion = 10.3;
					};
					B0D7E39E22EBF9A800F7FC68 = {
						CreatedOnToolsVersion = 10.3;
						TestTargetID = B0D7E38A22EBF9A600F7FC68;
					};
					B0D7E3A922EBF9A800F7FC68 = {
						CreatedOnToolsVersion = 10.3;
						TestTargetID = B0D7E38A22EBF9A600F7FC68;
					};
				};
			};
			buildConfigurationList = B0D7E38622EBF9A600F7FC68 /* Build configuration list for PBXProject "Streamline" */;
			compatibilityVersion = "Xcode 9.3";
			developmentRegion = en;
			hasScannedForEncodings = 0;
			knownRegions = (
				en,
				Base,
			);
			mainGroup = B0D7E38222EBF9A600F7FC68;
			productRefGroup = B0D7E38C22EBF9A600F7FC68 /* Products */;
			projectDirPath = "";
			projectRoot = "";
			targets = (
				B0D7E38A22EBF9A600F7FC68 /* Streamline */,
				B0D7E39E22EBF9A800F7FC68 /* StreamlineTests */,
				B0D7E3A922EBF9A800F7FC68 /* StreamlineUITests */,
			);
		};
/* End PBXProject section */

/* Begin PBXResourcesBuildPhase section */
		B0D7E38922EBF9A600F7FC68 /* Resources */ = {
			isa = PBXResourcesBuildPhase;
			buildActionMask = 2147483647;
			files = (
				B0D7E39922EBF9A800F7FC68 /* LaunchScreen.storyboard in Resources */,
				B0D7E39622EBF9A800F7FC68 /* Assets.xcassets in Resources */,
				B0D7E39422EBF9A600F7FC68 /* Main.storyboard in Resources */,
			);
			runOnlyForDeploymentPostprocessing = 0;
		};
		B0D7E39D22EBF9A800F7FC68 /* Resources */ = {
			isa = PBXResourcesBuildPhase;
			buildActionMask = 2147483647;
			files = (
			);
			runOnlyForDeploymentPostprocessing = 0;
		};
		B0D7E3A822EBF9A800F7FC68 /* Resources */ = {
			isa = PBXResourcesBuildPhase;
			buildActionMask = 2147483647;
			files = (
			);
			runOnlyForDeploymentPostprocessing = 0;
		};
/* End PBXResourcesBuildPhase section */

/* Begin PBXSourcesBuildPhase section */
		B0D7E38722EBF9A600F7FC68 /* Sources */ = {
			isa = PBXSourcesBuildPhase;
			buildActionMask = 2147483647;
			files = (
				E051CEA622FB983300E35DC7 /* GameState.swift in Sources */,
				E0A5956422F293C100A124C5 /* Streamline.swift in Sources */,
				B08232862305016F003344AC /* TempGameDelegate.swift in Sources */,
				B07FB80022F61544008F87A1 /* TileView.swift in Sources */,
				B0C0D7F122EC017400A585F8 /* BoardView.swift in Sources */,
				E071591C2331CB7E00F43AC9 /* LevelSelectionStackController.swift in Sources */,
				B0BAC98322F7F3B70087BB60 /* Trail.swift in Sources */,
				B0BAC98522F8B3950087BB60 /* SupportingTypes.swift in Sources */,
				B0D7E39122EBF9A600F7FC68 /* ViewController.swift in Sources */,
				B0D7E38F22EBF9A600F7FC68 /* AppDelegate.swift in Sources */,
				B0BAC97F22F7D9AB0087BB60 /* Head.swift in Sources */,
			);
			runOnlyForDeploymentPostprocessing = 0;
		};
		B0D7E39B22EBF9A800F7FC68 /* Sources */ = {
			isa = PBXSourcesBuildPhase;
			buildActionMask = 2147483647;
			files = (
				B0D7E3A422EBF9A800F7FC68 /* StreamlineTests.swift in Sources */,
			);
			runOnlyForDeploymentPostprocessing = 0;
		};
		B0D7E3A622EBF9A800F7FC68 /* Sources */ = {
			isa = PBXSourcesBuildPhase;
			buildActionMask = 2147483647;
			files = (
				B0D7E3AF22EBF9A800F7FC68 /* StreamlineUITests.swift in Sources */,
			);
			runOnlyForDeploymentPostprocessing = 0;
		};
/* End PBXSourcesBuildPhase section */

/* Begin PBXTargetDependency section */
		B0D7E3A122EBF9A800F7FC68 /* PBXTargetDependency */ = {
			isa = PBXTargetDependency;
			target = B0D7E38A22EBF9A600F7FC68 /* Streamline */;
			targetProxy = B0D7E3A022EBF9A800F7FC68 /* PBXContainerItemProxy */;
		};
		B0D7E3AC22EBF9A800F7FC68 /* PBXTargetDependency */ = {
			isa = PBXTargetDependency;
			target = B0D7E38A22EBF9A600F7FC68 /* Streamline */;
			targetProxy = B0D7E3AB22EBF9A800F7FC68 /* PBXContainerItemProxy */;
		};
/* End PBXTargetDependency section */

/* Begin PBXVariantGroup section */
		B0D7E39222EBF9A600F7FC68 /* Main.storyboard */ = {
			isa = PBXVariantGroup;
			children = (
				B0D7E39322EBF9A600F7FC68 /* Base */,
			);
			name = Main.storyboard;
			sourceTree = "<group>";
		};
		B0D7E39722EBF9A800F7FC68 /* LaunchScreen.storyboard */ = {
			isa = PBXVariantGroup;
			children = (
				B0D7E39822EBF9A800F7FC68 /* Base */,
			);
			name = LaunchScreen.storyboard;
			sourceTree = "<group>";
		};
/* End PBXVariantGroup section */

/* Begin XCBuildConfiguration section */
		B0D7E3B122EBF9A800F7FC68 /* Debug */ = {
			isa = XCBuildConfiguration;
			buildSettings = {
				ALWAYS_SEARCH_USER_PATHS = NO;
				CLANG_ANALYZER_NONNULL = YES;
				CLANG_ANALYZER_NUMBER_OBJECT_CONVERSION = YES_AGGRESSIVE;
				CLANG_CXX_LANGUAGE_STANDARD = "gnu++14";
				CLANG_CXX_LIBRARY = "libc++";
				CLANG_ENABLE_MODULES = YES;
				CLANG_ENABLE_OBJC_ARC = YES;
				CLANG_ENABLE_OBJC_WEAK = YES;
				CLANG_WARN_BLOCK_CAPTURE_AUTORELEASING = YES;
				CLANG_WARN_BOOL_CONVERSION = YES;
				CLANG_WARN_COMMA = YES;
				CLANG_WARN_CONSTANT_CONVERSION = YES;
				CLANG_WARN_DEPRECATED_OBJC_IMPLEMENTATIONS = YES;
				CLANG_WARN_DIRECT_OBJC_ISA_USAGE = YES_ERROR;
				CLANG_WARN_DOCUMENTATION_COMMENTS = YES;
				CLANG_WARN_EMPTY_BODY = YES;
				CLANG_WARN_ENUM_CONVERSION = YES;
				CLANG_WARN_INFINITE_RECURSION = YES;
				CLANG_WARN_INT_CONVERSION = YES;
				CLANG_WARN_NON_LITERAL_NULL_CONVERSION = YES;
				CLANG_WARN_OBJC_IMPLICIT_RETAIN_SELF = YES;
				CLANG_WARN_OBJC_LITERAL_CONVERSION = YES;
				CLANG_WARN_OBJC_ROOT_CLASS = YES_ERROR;
				CLANG_WARN_RANGE_LOOP_ANALYSIS = YES;
				CLANG_WARN_STRICT_PROTOTYPES = YES;
				CLANG_WARN_SUSPICIOUS_MOVE = YES;
				CLANG_WARN_UNGUARDED_AVAILABILITY = YES_AGGRESSIVE;
				CLANG_WARN_UNREACHABLE_CODE = YES;
				CLANG_WARN__DUPLICATE_METHOD_MATCH = YES;
				CODE_SIGN_IDENTITY = "iPhone Developer";
				COPY_PHASE_STRIP = NO;
				DEBUG_INFORMATION_FORMAT = dwarf;
				ENABLE_STRICT_OBJC_MSGSEND = YES;
				ENABLE_TESTABILITY = YES;
				GCC_C_LANGUAGE_STANDARD = gnu11;
				GCC_DYNAMIC_NO_PIC = NO;
				GCC_NO_COMMON_BLOCKS = YES;
				GCC_OPTIMIZATION_LEVEL = 0;
				GCC_PREPROCESSOR_DEFINITIONS = (
					"DEBUG=1",
					"$(inherited)",
				);
				GCC_WARN_64_TO_32_BIT_CONVERSION = YES;
				GCC_WARN_ABOUT_RETURN_TYPE = YES_ERROR;
				GCC_WARN_UNDECLARED_SELECTOR = YES;
				GCC_WARN_UNINITIALIZED_AUTOS = YES_AGGRESSIVE;
				GCC_WARN_UNUSED_FUNCTION = YES;
				GCC_WARN_UNUSED_VARIABLE = YES;
				IPHONEOS_DEPLOYMENT_TARGET = 12.4;
				MTL_ENABLE_DEBUG_INFO = INCLUDE_SOURCE;
				MTL_FAST_MATH = YES;
				ONLY_ACTIVE_ARCH = YES;
				SDKROOT = iphoneos;
				SWIFT_ACTIVE_COMPILATION_CONDITIONS = DEBUG;
				SWIFT_OPTIMIZATION_LEVEL = "-Onone";
			};
			name = Debug;
		};
		B0D7E3B222EBF9A800F7FC68 /* Release */ = {
			isa = XCBuildConfiguration;
			buildSettings = {
				ALWAYS_SEARCH_USER_PATHS = NO;
				CLANG_ANALYZER_NONNULL = YES;
				CLANG_ANALYZER_NUMBER_OBJECT_CONVERSION = YES_AGGRESSIVE;
				CLANG_CXX_LANGUAGE_STANDARD = "gnu++14";
				CLANG_CXX_LIBRARY = "libc++";
				CLANG_ENABLE_MODULES = YES;
				CLANG_ENABLE_OBJC_ARC = YES;
				CLANG_ENABLE_OBJC_WEAK = YES;
				CLANG_WARN_BLOCK_CAPTURE_AUTORELEASING = YES;
				CLANG_WARN_BOOL_CONVERSION = YES;
				CLANG_WARN_COMMA = YES;
				CLANG_WARN_CONSTANT_CONVERSION = YES;
				CLANG_WARN_DEPRECATED_OBJC_IMPLEMENTATIONS = YES;
				CLANG_WARN_DIRECT_OBJC_ISA_USAGE = YES_ERROR;
				CLANG_WARN_DOCUMENTATION_COMMENTS = YES;
				CLANG_WARN_EMPTY_BODY = YES;
				CLANG_WARN_ENUM_CONVERSION = YES;
				CLANG_WARN_INFINITE_RECURSION = YES;
				CLANG_WARN_INT_CONVERSION = YES;
				CLANG_WARN_NON_LITERAL_NULL_CONVERSION = YES;
				CLANG_WARN_OBJC_IMPLICIT_RETAIN_SELF = YES;
				CLANG_WARN_OBJC_LITERAL_CONVERSION = YES;
				CLANG_WARN_OBJC_ROOT_CLASS = YES_ERROR;
				CLANG_WARN_RANGE_LOOP_ANALYSIS = YES;
				CLANG_WARN_STRICT_PROTOTYPES = YES;
				CLANG_WARN_SUSPICIOUS_MOVE = YES;
				CLANG_WARN_UNGUARDED_AVAILABILITY = YES_AGGRESSIVE;
				CLANG_WARN_UNREACHABLE_CODE = YES;
				CLANG_WARN__DUPLICATE_METHOD_MATCH = YES;
				CODE_SIGN_IDENTITY = "iPhone Developer";
				COPY_PHASE_STRIP = NO;
				DEBUG_INFORMATION_FORMAT = "dwarf-with-dsym";
				ENABLE_NS_ASSERTIONS = NO;
				ENABLE_STRICT_OBJC_MSGSEND = YES;
				GCC_C_LANGUAGE_STANDARD = gnu11;
				GCC_NO_COMMON_BLOCKS = YES;
				GCC_WARN_64_TO_32_BIT_CONVERSION = YES;
				GCC_WARN_ABOUT_RETURN_TYPE = YES_ERROR;
				GCC_WARN_UNDECLARED_SELECTOR = YES;
				GCC_WARN_UNINITIALIZED_AUTOS = YES_AGGRESSIVE;
				GCC_WARN_UNUSED_FUNCTION = YES;
				GCC_WARN_UNUSED_VARIABLE = YES;
				IPHONEOS_DEPLOYMENT_TARGET = 12.4;
				MTL_ENABLE_DEBUG_INFO = NO;
				MTL_FAST_MATH = YES;
				SDKROOT = iphoneos;
				SWIFT_COMPILATION_MODE = wholemodule;
				SWIFT_OPTIMIZATION_LEVEL = "-O";
				VALIDATE_PRODUCT = YES;
			};
			name = Release;
		};
		B0D7E3B422EBF9A800F7FC68 /* Debug */ = {
			isa = XCBuildConfiguration;
			buildSettings = {
				ASSETCATALOG_COMPILER_APPICON_NAME = AppIcon;
				CODE_SIGN_STYLE = Automatic;
				DEVELOPMENT_TEAM = V3X3HUX8X2;
				INFOPLIST_FILE = Streamline/Info.plist;
				LD_RUNPATH_SEARCH_PATHS = (
					"$(inherited)",
					"@executable_path/Frameworks",
				);
				PRODUCT_BUNDLE_IDENTIFIER = xzwang.Streamline;
				PRODUCT_NAME = "$(TARGET_NAME)";
				SWIFT_VERSION = 5.0;
				TARGETED_DEVICE_FAMILY = 1;
			};
			name = Debug;
		};
		B0D7E3B522EBF9A800F7FC68 /* Release */ = {
			isa = XCBuildConfiguration;
			buildSettings = {
				ASSETCATALOG_COMPILER_APPICON_NAME = AppIcon;
				CODE_SIGN_STYLE = Automatic;
				DEVELOPMENT_TEAM = V3X3HUX8X2;
				INFOPLIST_FILE = Streamline/Info.plist;
				LD_RUNPATH_SEARCH_PATHS = (
					"$(inherited)",
					"@executable_path/Frameworks",
				);
				PRODUCT_BUNDLE_IDENTIFIER = xzwang.Streamline;
				PRODUCT_NAME = "$(TARGET_NAME)";
				SWIFT_VERSION = 5.0;
				TARGETED_DEVICE_FAMILY = 1;
			};
			name = Release;
		};
		B0D7E3B722EBF9A800F7FC68 /* Debug */ = {
			isa = XCBuildConfiguration;
			buildSettings = {
				ALWAYS_EMBED_SWIFT_STANDARD_LIBRARIES = YES;
				BUNDLE_LOADER = "$(TEST_HOST)";
				CODE_SIGN_STYLE = Automatic;
				DEVELOPMENT_TEAM = V3X3HUX8X2;
				INFOPLIST_FILE = StreamlineTests/Info.plist;
				LD_RUNPATH_SEARCH_PATHS = (
					"$(inherited)",
					"@executable_path/Frameworks",
					"@loader_path/Frameworks",
				);
				PRODUCT_BUNDLE_IDENTIFIER = xzwang.StreamlineTests;
				PRODUCT_NAME = "$(TARGET_NAME)";
				SWIFT_VERSION = 5.0;
				TARGETED_DEVICE_FAMILY = "1,2";
				TEST_HOST = "$(BUILT_PRODUCTS_DIR)/Streamline.app/Streamline";
			};
			name = Debug;
		};
		B0D7E3B822EBF9A800F7FC68 /* Release */ = {
			isa = XCBuildConfiguration;
			buildSettings = {
				ALWAYS_EMBED_SWIFT_STANDARD_LIBRARIES = YES;
				BUNDLE_LOADER = "$(TEST_HOST)";
				CODE_SIGN_STYLE = Automatic;
				DEVELOPMENT_TEAM = V3X3HUX8X2;
				INFOPLIST_FILE = StreamlineTests/Info.plist;
				LD_RUNPATH_SEARCH_PATHS = (
					"$(inherited)",
					"@executable_path/Frameworks",
					"@loader_path/Frameworks",
				);
				PRODUCT_BUNDLE_IDENTIFIER = xzwang.StreamlineTests;
				PRODUCT_NAME = "$(TARGET_NAME)";
				SWIFT_VERSION = 5.0;
				TARGETED_DEVICE_FAMILY = "1,2";
				TEST_HOST = "$(BUILT_PRODUCTS_DIR)/Streamline.app/Streamline";
			};
			name = Release;
		};
		B0D7E3BA22EBF9A800F7FC68 /* Debug */ = {
			isa = XCBuildConfiguration;
			buildSettings = {
				ALWAYS_EMBED_SWIFT_STANDARD_LIBRARIES = YES;
				CODE_SIGN_STYLE = Automatic;
				DEVELOPMENT_TEAM = V3X3HUX8X2;
				INFOPLIST_FILE = StreamlineUITests/Info.plist;
				LD_RUNPATH_SEARCH_PATHS = (
					"$(inherited)",
					"@executable_path/Frameworks",
					"@loader_path/Frameworks",
				);
				PRODUCT_BUNDLE_IDENTIFIER = xzwang.StreamlineUITests;
				PRODUCT_NAME = "$(TARGET_NAME)";
				SWIFT_VERSION = 5.0;
				TARGETED_DEVICE_FAMILY = "1,2";
				TEST_TARGET_NAME = Streamline;
			};
			name = Debug;
		};
		B0D7E3BB22EBF9A800F7FC68 /* Release */ = {
			isa = XCBuildConfiguration;
			buildSettings = {
				ALWAYS_EMBED_SWIFT_STANDARD_LIBRARIES = YES;
				CODE_SIGN_STYLE = Automatic;
				DEVELOPMENT_TEAM = V3X3HUX8X2;
				INFOPLIST_FILE = StreamlineUITests/Info.plist;
				LD_RUNPATH_SEARCH_PATHS = (
					"$(inherited)",
					"@executable_path/Frameworks",
					"@loader_path/Frameworks",
				);
				PRODUCT_BUNDLE_IDENTIFIER = xzwang.StreamlineUITests;
				PRODUCT_NAME = "$(TARGET_NAME)";
				SWIFT_VERSION = 5.0;
				TARGETED_DEVICE_FAMILY = "1,2";
				TEST_TARGET_NAME = Streamline;
			};
			name = Release;
		};
/* End XCBuildConfiguration section */

/* Begin XCConfigurationList section */
		B0D7E38622EBF9A600F7FC68 /* Build configuration list for PBXProject "Streamline" */ = {
			isa = XCConfigurationList;
			buildConfigurations = (
				B0D7E3B122EBF9A800F7FC68 /* Debug */,
				B0D7E3B222EBF9A800F7FC68 /* Release */,
			);
			defaultConfigurationIsVisible = 0;
			defaultConfigurationName = Release;
		};
		B0D7E3B322EBF9A800F7FC68 /* Build configuration list for PBXNativeTarget "Streamline" */ = {
			isa = XCConfigurationList;
			buildConfigurations = (
				B0D7E3B422EBF9A800F7FC68 /* Debug */,
				B0D7E3B522EBF9A800F7FC68 /* Release */,
			);
			defaultConfigurationIsVisible = 0;
			defaultConfigurationName = Release;
		};
		B0D7E3B622EBF9A800F7FC68 /* Build configuration list for PBXNativeTarget "StreamlineTests" */ = {
			isa = XCConfigurationList;
			buildConfigurations = (
				B0D7E3B722EBF9A800F7FC68 /* Debug */,
				B0D7E3B822EBF9A800F7FC68 /* Release */,
			);
			defaultConfigurationIsVisible = 0;
			defaultConfigurationName = Release;
		};
		B0D7E3B922EBF9A800F7FC68 /* Build configuration list for PBXNativeTarget "StreamlineUITests" */ = {
			isa = XCConfigurationList;
			buildConfigurations = (
				B0D7E3BA22EBF9A800F7FC68 /* Debug */,
				B0D7E3BB22EBF9A800F7FC68 /* Release */,
			);
			defaultConfigurationIsVisible = 0;
			defaultConfigurationName = Release;
		};
/* End XCConfigurationList section */
	};
	rootObject = B0D7E38322EBF9A600F7FC68 /* Project object */;
}
